// !$*UTF8*$!
{
	archiveVersion = 1;
	classes = {
	};
	objectVersion = 48;
	objects = {

/* Begin PBXBuildFile section */
		DFBC41351F23348500481FDA /* AppDelegate.swift in Sources */ = {isa = PBXBuildFile; fileRef = DFBC41341F23348500481FDA /* AppDelegate.swift */; };
		DFBC41371F23348500481FDA /* ViewController.swift in Sources */ = {isa = PBXBuildFile; fileRef = DFBC41361F23348500481FDA /* ViewController.swift */; };
		DFBC413A1F23348500481FDA /* Main.storyboard in Resources */ = {isa = PBXBuildFile; fileRef = DFBC41381F23348500481FDA /* Main.storyboard */; };
		DFBC413C1F23348500481FDA /* Assets.xcassets in Resources */ = {isa = PBXBuildFile; fileRef = DFBC413B1F23348500481FDA /* Assets.xcassets */; };
		DFBC413F1F23348500481FDA /* LaunchScreen.storyboard in Resources */ = {isa = PBXBuildFile; fileRef = DFBC413D1F23348500481FDA /* LaunchScreen.storyboard */; };
		DFBC41491F2335FA00481FDA /* Inceptionv3.mlmodel in Sources */ = {isa = PBXBuildFile; fileRef = DFBC41471F2335CE00481FDA /* Inceptionv3.mlmodel */; };
		DFBC414B1F2340A000481FDA /* CameraCapture.swift in Sources */ = {isa = PBXBuildFile; fileRef = DFBC414A1F2340A000481FDA /* CameraCapture.swift */; };
		DFBC414E1F2343EC00481FDA /* AVFoundation.framework in Frameworks */ = {isa = PBXBuildFile; fileRef = DFBC414D1F2343D200481FDA /* AVFoundation.framework */; };
/* End PBXBuildFile section */

/* Begin PBXFileReference section */
		DFBC41311F23348500481FDA /* CoreMLInseptionSample.app */ = {isa = PBXFileReference; explicitFileType = wrapper.application; includeInIndex = 0; path = CoreMLInseptionSample.app; sourceTree = BUILT_PRODUCTS_DIR; };
		DFBC41341F23348500481FDA /* AppDelegate.swift */ = {isa = PBXFileReference; lastKnownFileType = sourcecode.swift; path = AppDelegate.swift; sourceTree = "<group>"; };
		DFBC41361F23348500481FDA /* ViewController.swift */ = {isa = PBXFileReference; lastKnownFileType = sourcecode.swift; path = ViewController.swift; sourceTree = "<group>"; };
		DFBC41391F23348500481FDA /* Base */ = {isa = PBXFileReference; lastKnownFileType = file.storyboard; name = Base; path = Base.lproj/Main.storyboard; sourceTree = "<group>"; };
		DFBC413B1F23348500481FDA /* Assets.xcassets */ = {isa = PBXFileReference; lastKnownFileType = folder.assetcatalog; path = Assets.xcassets; sourceTree = "<group>"; };
		DFBC413E1F23348500481FDA /* Base */ = {isa = PBXFileReference; lastKnownFileType = file.storyboard; name = Base; path = Base.lproj/LaunchScreen.storyboard; sourceTree = "<group>"; };
		DFBC41401F23348500481FDA /* Info.plist */ = {isa = PBXFileReference; lastKnownFileType = text.plist.xml; path = Info.plist; sourceTree = "<group>"; };
		DFBC41471F2335CE00481FDA /* Inceptionv3.mlmodel */ = {isa = PBXFileReference; lastKnownFileType = file.mlmodel; path = Inceptionv3.mlmodel; sourceTree = "<group>"; };
		DFBC414A1F2340A000481FDA /* CameraCapture.swift */ = {isa = PBXFileReference; lastKnownFileType = sourcecode.swift; path = CameraCapture.swift; sourceTree = "<group>"; };
		DFBC414D1F2343D200481FDA /* AVFoundation.framework */ = {isa = PBXFileReference; lastKnownFileType = wrapper.framework; name = AVFoundation.framework; path = System/Library/Frameworks/AVFoundation.framework; sourceTree = SDKROOT; };
/* End PBXFileReference section */

/* Begin PBXFrameworksBuildPhase section */
		DFBC412E1F23348500481FDA /* Frameworks */ = {
			isa = PBXFrameworksBuildPhase;
			buildActionMask = 2147483647;
			files = (
				DFBC414E1F2343EC00481FDA /* AVFoundation.framework in Frameworks */,
			);
			runOnlyForDeploymentPostprocessing = 0;
		};
/* End PBXFrameworksBuildPhase section */

/* Begin PBXGroup section */
		DFBC41281F23348500481FDA = {
			isa = PBXGroup;
			children = (
				DFBC41471F2335CE00481FDA /* Inceptionv3.mlmodel */,
				DFBC41331F23348500481FDA /* CoreMLInseptionSample */,
				DFBC41321F23348500481FDA /* Products */,
				DFBC414C1F2343D200481FDA /* Frameworks */,
			);
			sourceTree = "<group>";
		};
		DFBC41321F23348500481FDA /* Products */ = {
			isa = PBXGroup;
			children = (
				DFBC41311F23348500481FDA /* CoreMLInseptionSample.app */,
			);
			name = Products;
			sourceTree = "<group>";
		};
		DFBC41331F23348500481FDA /* CoreMLInseptionSample */ = {
			isa = PBXGroup;
			children = (
				DFBC41341F23348500481FDA /* AppDelegate.swift */,
				DFBC41361F23348500481FDA /* ViewController.swift */,
				DFBC414A1F2340A000481FDA /* CameraCapture.swift */,
				DFBC41381F23348500481FDA /* Main.storyboard */,
				DFBC413B1F23348500481FDA /* Assets.xcassets */,
				DFBC413D1F23348500481FDA /* LaunchScreen.storyboard */,
				DFBC41401F23348500481FDA /* Info.plist */,
			);
			path = CoreMLInseptionSample;
			sourceTree = "<group>";
		};
		DFBC414C1F2343D200481FDA /* Frameworks */ = {
			isa = PBXGroup;
			children = (
				DFBC414D1F2343D200481FDA /* AVFoundation.framework */,
			);
			name = Frameworks;
			sourceTree = "<group>";
		};
/* End PBXGroup section */

/* Begin PBXNativeTarget section */
		DFBC41301F23348500481FDA /* CoreMLInseptionSample */ = {
			isa = PBXNativeTarget;
			buildConfigurationList = DFBC41431F23348500481FDA /* Build configuration list for PBXNativeTarget "CoreMLInseptionSample" */;
			buildPhases = (
				DFBC412D1F23348500481FDA /* Sources */,
				DFBC412E1F23348500481FDA /* Frameworks */,
				DFBC412F1F23348500481FDA /* Resources */,
			);
			buildRules = (
			);
			dependencies = (
			);
			name = CoreMLInseptionSample;
			productName = CoreMLInseptionSample;
			productReference = DFBC41311F23348500481FDA /* CoreMLInseptionSample.app */;
			productType = "com.apple.product-type.application";
		};
/* End PBXNativeTarget section */

/* Begin PBXProject section */
		DFBC41291F23348500481FDA /* Project object */ = {
			isa = PBXProject;
			attributes = {
				LastSwiftUpdateCheck = 0900;
				LastUpgradeCheck = 0900;
				ORGANIZATIONNAME = Personal;
				TargetAttributes = {
					DFBC41301F23348500481FDA = {
						CreatedOnToolsVersion = 9.0;
					};
				};
			};
			buildConfigurationList = DFBC412C1F23348500481FDA /* Build configuration list for PBXProject "CoreMLInseptionSample" */;
			compatibilityVersion = "Xcode 8.0";
			developmentRegion = en;
			hasScannedForEncodings = 0;
			knownRegions = (
				en,
				Base,
			);
			mainGroup = DFBC41281F23348500481FDA;
			productRefGroup = DFBC41321F23348500481FDA /* Products */;
			projectDirPath = "";
			projectRoot = "";
			targets = (
				DFBC41301F23348500481FDA /* CoreMLInseptionSample */,
			);
		};
/* End PBXProject section */

/* Begin PBXResourcesBuildPhase section */
		DFBC412F1F23348500481FDA /* Resources */ = {
			isa = PBXResourcesBuildPhase;
			buildActionMask = 2147483647;
			files = (
				DFBC413F1F23348500481FDA /* LaunchScreen.storyboard in Resources */,
				DFBC413C1F23348500481FDA /* Assets.xcassets in Resources */,
				DFBC413A1F23348500481FDA /* Main.storyboard in Resources */,
			);
			runOnlyForDeploymentPostprocessing = 0;
		};
/* End PBXResourcesBuildPhase section */

/* Begin PBXSourcesBuildPhase section */
		DFBC412D1F23348500481FDA /* Sources */ = {
			isa = PBXSourcesBuildPhase;
			buildActionMask = 2147483647;
			files = (
				DFBC41371F23348500481FDA /* ViewController.swift in Sources */,
				DFBC41491F2335FA00481FDA /* Inceptionv3.mlmodel in Sources */,
				DFBC41351F23348500481FDA /* AppDelegate.swift in Sources */,
				DFBC414B1F2340A000481FDA /* CameraCapture.swift in Sources */,
			);
			runOnlyForDeploymentPostprocessing = 0;
		};
/* End PBXSourcesBuildPhase section */

/* Begin PBXVariantGroup section */
		DFBC41381F23348500481FDA /* Main.storyboard */ = {
			isa = PBXVariantGroup;
			children = (
				DFBC41391F23348500481FDA /* Base */,
			);
			name = Main.storyboard;
			sourceTree = "<group>";
		};
		DFBC413D1F23348500481FDA /* LaunchScreen.storyboard */ = {
			isa = PBXVariantGroup;
			children = (
				DFBC413E1F23348500481FDA /* Base */,
			);
			name = LaunchScreen.storyboard;
			sourceTree = "<group>";
		};
/* End PBXVariantGroup section */

/* Begin XCBuildConfiguration section */
		DFBC41411F23348500481FDA /* Debug */ = {
			isa = XCBuildConfiguration;
			buildSettings = {
				ALWAYS_SEARCH_USER_PATHS = NO;
				CLANG_ANALYZER_NONNULL = YES;
				CLANG_ANALYZER_NUMBER_OBJECT_CONVERSION = YES_AGGRESSIVE;
				CLANG_CXX_LANGUAGE_STANDARD = "gnu++14";
				CLANG_CXX_LIBRARY = "libc++";
				CLANG_ENABLE_MODULES = YES;
				CLANG_ENABLE_OBJC_ARC = YES;
				CLANG_WARN_BLOCK_CAPTURE_AUTORELEASING = YES;
				CLANG_WARN_BOOL_CONVERSION = YES;
				CLANG_WARN_COMMA = YES;
				CLANG_WARN_CONSTANT_CONVERSION = YES;
				CLANG_WARN_DIRECT_OBJC_ISA_USAGE = YES_ERROR;
				CLANG_WARN_DOCUMENTATION_COMMENTS = YES;
				CLANG_WARN_EMPTY_BODY = YES;
				CLANG_WARN_ENUM_CONVERSION = YES;
				CLANG_WARN_INFINITE_RECURSION = YES;
				CLANG_WARN_INT_CONVERSION = YES;
				CLANG_WARN_NON_LITERAL_NULL_CONVERSION = YES;
				CLANG_WARN_OBJC_LITERAL_CONVERSION = YES;
				CLANG_WARN_OBJC_ROOT_CLASS = YES_ERROR;
				CLANG_WARN_RANGE_LOOP_ANALYSIS = YES;
				CLANG_WARN_STRICT_PROTOTYPES = YES;
				CLANG_WARN_SUSPICIOUS_MOVE = YES;
				CLANG_WARN_UNGUARDED_AVAILABILITY = YES_AGGRESSIVE;
				CLANG_WARN_UNREACHABLE_CODE = YES;
				CLANG_WARN__DUPLICATE_METHOD_MATCH = YES;
				CODE_SIGN_IDENTITY = "iPhone Developer";
				COPY_PHASE_STRIP = NO;
				DEBUG_INFORMATION_FORMAT = dwarf;
				ENABLE_STRICT_OBJC_MSGSEND = YES;
				ENABLE_TESTABILITY = YES;
				GCC_C_LANGUAGE_STANDARD = gnu11;
				GCC_DYNAMIC_NO_PIC = NO;
				GCC_NO_COMMON_BLOCKS = YES;
				GCC_OPTIMIZATION_LEVEL = 0;
				GCC_PREPROCESSOR_DEFINITIONS = (
					"DEBUG=1",
					"$(inherited)",
				);
				GCC_WARN_64_TO_32_BIT_CONVERSION = YES;
				GCC_WARN_ABOUT_RETURN_TYPE = YES_ERROR;
				GCC_WARN_UNDECLARED_SELECTOR = YES;
				GCC_WARN_UNINITIALIZED_AUTOS = YES_AGGRESSIVE;
				GCC_WARN_UNUSED_FUNCTION = YES;
				GCC_WARN_UNUSED_VARIABLE = YES;
				IPHONEOS_DEPLOYMENT_TARGET = 11.0;
				MTL_ENABLE_DEBUG_INFO = YES;
				ONLY_ACTIVE_ARCH = YES;
				SDKROOT = iphoneos;
				SWIFT_ACTIVE_COMPILATION_CONDITIONS = DEBUG;
				SWIFT_OPTIMIZATION_LEVEL = "-Onone";
			};
			name = Debug;
		};
		DFBC41421F23348500481FDA /* Release */ = {
			isa = XCBuildConfiguration;
			buildSettings = {
				ALWAYS_SEARCH_USER_PATHS = NO;
				CLANG_ANALYZER_NONNULL = YES;
				CLANG_ANALYZER_NUMBER_OBJECT_CONVERSION = YES_AGGRESSIVE;
				CLANG_CXX_LANGUAGE_STANDARD = "gnu++14";
				CLANG_CXX_LIBRARY = "libc++";
				CLANG_ENABLE_MODULES = YES;
				CLANG_ENABLE_OBJC_ARC = YES;
				CLANG_WARN_BLOCK_CAPTURE_AUTORELEASING = YES;
				CLANG_WARN_BOOL_CONVERSION = YES;
				CLANG_WARN_COMMA = YES;
				CLANG_WARN_CONSTANT_CONVERSION = YES;
				CLANG_WARN_DIRECT_OBJC_ISA_USAGE = YES_ERROR;
				CLANG_WARN_DOCUMENTATION_COMMENTS = YES;
				CLANG_WARN_EMPTY_BODY = YES;
				CLANG_WARN_ENUM_CONVERSION = YES;
				CLANG_WARN_INFINITE_RECURSION = YES;
				CLANG_WARN_INT_CONVERSION = YES;
				CLANG_WARN_NON_LITERAL_NULL_CONVERSION = YES;
				CLANG_WARN_OBJC_LITERAL_CONVERSION = YES;
				CLANG_WARN_OBJC_ROOT_CLASS = YES_ERROR;
				CLANG_WARN_RANGE_LOOP_ANALYSIS = YES;
				CLANG_WARN_STRICT_PROTOTYPES = YES;
				CLANG_WARN_SUSPICIOUS_MOVE = YES;
				CLANG_WARN_UNGUARDED_AVAILABILITY = YES_AGGRESSIVE;
				CLANG_WARN_UNREACHABLE_CODE = YES;
				CLANG_WARN__DUPLICATE_METHOD_MATCH = YES;
				CODE_SIGN_IDENTITY = "iPhone Developer";
				COPY_PHASE_STRIP = NO;
				DEBUG_INFORMATION_FORMAT = "dwarf-with-dsym";
				ENABLE_NS_ASSERTIONS = NO;
				ENABLE_STRICT_OBJC_MSGSEND = YES;
				GCC_C_LANGUAGE_STANDARD = gnu11;
				GCC_NO_COMMON_BLOCKS = YES;
				GCC_WARN_64_TO_32_BIT_CONVERSION = YES;
				GCC_WARN_ABOUT_RETURN_TYPE = YES_ERROR;
				GCC_WARN_UNDECLARED_SELECTOR = YES;
				GCC_WARN_UNINITIALIZED_AUTOS = YES_AGGRESSIVE;
				GCC_WARN_UNUSED_FUNCTION = YES;
				GCC_WARN_UNUSED_VARIABLE = YES;
				IPHONEOS_DEPLOYMENT_TARGET = 11.0;
				MTL_ENABLE_DEBUG_INFO = NO;
				SDKROOT = iphoneos;
				SWIFT_OPTIMIZATION_LEVEL = "-Owholemodule";
				VALIDATE_PRODUCT = YES;
			};
			name = Release;
		};
		DFBC41441F23348500481FDA /* Debug */ = {
			isa = XCBuildConfiguration;
			buildSettings = {
				ASSETCATALOG_COMPILER_APPICON_NAME = AppIcon;
				DEVELOPMENT_TEAM = 868F834Y3N;
				INFOPLIST_FILE = CoreMLInseptionSample/Info.plist;
				LD_RUNPATH_SEARCH_PATHS = "$(inherited) @executable_path/Frameworks";
				PRODUCT_BUNDLE_IDENTIFIER = com.yudoufu.ios.dev.CoreMLInseptionSample;
				PRODUCT_NAME = "$(TARGET_NAME)";
				SWIFT_VERSION = 4.0;
				TARGETED_DEVICE_FAMILY = "1,2";
			};
			name = Debug;
		};
		DFBC41451F23348500481FDA /* Release */ = {
			isa = XCBuildConfiguration;
			buildSettings = {
				ASSETCATALOG_COMPILER_APPICON_NAME = AppIcon;
				DEVELOPMENT_TEAM = 868F834Y3N;
				INFOPLIST_FILE = CoreMLInseptionSample/Info.plist;
				LD_RUNPATH_SEARCH_PATHS = "$(inherited) @executable_path/Frameworks";
				PRODUCT_BUNDLE_IDENTIFIER = com.yudoufu.ios.dev.CoreMLInseptionSample;
				PRODUCT_NAME = "$(TARGET_NAME)";
				SWIFT_VERSION = 4.0;
				TARGETED_DEVICE_FAMILY = "1,2";
			};
			name = Release;
		};
/* End XCBuildConfiguration section */

/* Begin XCConfigurationList section */
		DFBC412C1F23348500481FDA /* Build configuration list for PBXProject "CoreMLInseptionSample" */ = {
			isa = XCConfigurationList;
			buildConfigurations = (
				DFBC41411F23348500481FDA /* Debug */,
				DFBC41421F23348500481FDA /* Release */,
			);
			defaultConfigurationIsVisible = 0;
			defaultConfigurationName = Release;
		};
		DFBC41431F23348500481FDA /* Build configuration list for PBXNativeTarget "CoreMLInseptionSample" */ = {
			isa = XCConfigurationList;
			buildConfigurations = (
				DFBC41441F23348500481FDA /* Debug */,
				DFBC41451F23348500481FDA /* Release */,
			);
			defaultConfigurationIsVisible = 0;
			defaultConfigurationName = Release;
		};
/* End XCConfigurationList section */
	};
	rootObject = DFBC41291F23348500481FDA /* Project object */;
}
